PODS:
  - OpenSSL-Apple (1.1.0h)
  - SwiftyBeaver (1.5.2)

DEPENDENCIES:
  - OpenSSL-Apple (~> 1.1.0h)
  - SwiftyBeaver

SPEC REPOS:
  https://github.com/CocoaPods/Specs.git:
    - OpenSSL-Apple
    - SwiftyBeaver

SPEC CHECKSUMS:
  OpenSSL-Apple: cd153d705ef350eb834ae7ff5f21f792b51ed208
  SwiftyBeaver: 85daaaa2b3ae6e31b7b55c99430e8b91dac088af

PODFILE CHECKSUM: d93463e96c0da9f94811327c6e2b123c6453c591

COCOAPODS: 1.5.0
