PODS:
  - OpenSSL-Apple (1.1.0h)
  - SBObjectiveCWrapper (1.4.0):
    - SwiftyBeaver (~> 1.4.0)
  - SwiftyBeaver (1.4.4)

DEPENDENCIES:
  - OpenSSL-Apple (~> 1.1.0h)
  - SBObjectiveCWrapper
  - SwiftyBeaver

SPEC REPOS:
  https://github.com/cocoapods/specs.git:
    - OpenSSL-Apple
    - SBObjectiveCWrapper
    - SwiftyBeaver

SPEC CHECKSUMS:
  OpenSSL-Apple: cd153d705ef350eb834ae7ff5f21f792b51ed208
  SBObjectiveCWrapper: 854ea56b37cd0031af2b1d6e12c2f965fc4ff86d
  SwiftyBeaver: 25bd76281f49ca989ec2e3cbde9af89c15bc1432

PODFILE CHECKSUM: f831e2e7cc2458aa33d15ebd07496d14a06b4cc4

COCOAPODS: 1.5.3
