// !$*UTF8*$!
{
	archiveVersion = 1;
	classes = {
	};
	objectVersion = 48;
	objects = {

/* Begin PBXBuildFile section */
		0EB39FE91F7424F80023AFFC /* AppDelegate.swift in Sources */ = {isa = PBXBuildFile; fileRef = 0EB39FE81F7424F80023AFFC /* AppDelegate.swift */; };
		0EB39FEB1F7424F80023AFFC /* ViewController.swift in Sources */ = {isa = PBXBuildFile; fileRef = 0EB39FEA1F7424F80023AFFC /* ViewController.swift */; };
		0EB39FEE1F7424F80023AFFC /* Main.storyboard in Resources */ = {isa = PBXBuildFile; fileRef = 0EB39FEC1F7424F80023AFFC /* Main.storyboard */; };
		0EB39FF01F7424F80023AFFC /* Assets.xcassets in Resources */ = {isa = PBXBuildFile; fileRef = 0EB39FEF1F7424F80023AFFC /* Assets.xcassets */; };
		0EB39FF31F7424F80023AFFC /* LaunchScreen.storyboard in Resources */ = {isa = PBXBuildFile; fileRef = 0EB39FF11F7424F80023AFFC /* LaunchScreen.storyboard */; };
		0EB3A0011F7425140023AFFC /* PacketTunnelProvider.swift in Sources */ = {isa = PBXBuildFile; fileRef = 0EB3A0001F7425140023AFFC /* PacketTunnelProvider.swift */; };
		0EB3A0051F7425140023AFFC /* BasicTunnelExtension-iOS.appex in Embed App Extensions */ = {isa = PBXBuildFile; fileRef = 0EB39FFC1F7425140023AFFC /* BasicTunnelExtension-iOS.appex */; settings = {ATTRIBUTES = (RemoveHeadersOnCopy, ); }; };
		0EB6EEBA1F92D417005F6221 /* AppDelegate.swift in Sources */ = {isa = PBXBuildFile; fileRef = 0EB6EEB91F92D417005F6221 /* AppDelegate.swift */; };
		0EB6EEBC1F92D417005F6221 /* ViewController.swift in Sources */ = {isa = PBXBuildFile; fileRef = 0EB6EEBB1F92D417005F6221 /* ViewController.swift */; };
		0EB6EEBE1F92D417005F6221 /* Assets.xcassets in Resources */ = {isa = PBXBuildFile; fileRef = 0EB6EEBD1F92D417005F6221 /* Assets.xcassets */; };
		0EB6EEC11F92D417005F6221 /* Main.storyboard in Resources */ = {isa = PBXBuildFile; fileRef = 0EB6EEBF1F92D417005F6221 /* Main.storyboard */; };
		0EB6EED01F92D43D005F6221 /* PacketTunnelProvider.swift in Sources */ = {isa = PBXBuildFile; fileRef = 0EB6EECF1F92D43D005F6221 /* PacketTunnelProvider.swift */; };
		0EB6EED41F92D43D005F6221 /* BasicTunnelExtension-macOS.appex in Embed App Extensions */ = {isa = PBXBuildFile; fileRef = 0EB6EECB1F92D43D005F6221 /* BasicTunnelExtension-macOS.appex */; settings = {ATTRIBUTES = (RemoveHeadersOnCopy, ); }; };
		0EB6EEDA1F92D4BA005F6221 /* NetworkExtension.framework in Frameworks */ = {isa = PBXBuildFile; fileRef = 0EB6EED91F92D4BA005F6221 /* NetworkExtension.framework */; };
		0EE878F81F936469002A0D58 /* NetworkExtension.framework in Frameworks */ = {isa = PBXBuildFile; fileRef = 0EB6EED91F92D4BA005F6221 /* NetworkExtension.framework */; };
		56B89E080138E98D8A051C71 /* Pods_macOS_BasicTunnelExtension_macOS.framework in Frameworks */ = {isa = PBXBuildFile; fileRef = A7E77C1A205C821F3E885830 /* Pods_macOS_BasicTunnelExtension_macOS.framework */; };
		D93708743059A6E090233113 /* Pods_macOS_BasicTunnel_macOS.framework in Frameworks */ = {isa = PBXBuildFile; fileRef = 377894DD0C463EFC747F062E /* Pods_macOS_BasicTunnel_macOS.framework */; };
		F9C8C20EF89CAF4EB2A06C40 /* Pods_iOS_BasicTunnel_iOS.framework in Frameworks */ = {isa = PBXBuildFile; fileRef = 18EF12F5450952BBF9B766B4 /* Pods_iOS_BasicTunnel_iOS.framework */; };
		FE15F313E7915E8D14A07B9E /* Pods_iOS_BasicTunnelExtension_iOS.framework in Frameworks */ = {isa = PBXBuildFile; fileRef = 31C2CA60047705442A5178F3 /* Pods_iOS_BasicTunnelExtension_iOS.framework */; };
/* End PBXBuildFile section */

/* Begin PBXContainerItemProxy section */
		0EB3A0031F7425140023AFFC /* PBXContainerItemProxy */ = {
			isa = PBXContainerItemProxy;
			containerPortal = 0EB39FC51F7424580023AFFC /* Project object */;
			proxyType = 1;
			remoteGlobalIDString = 0EB39FFB1F7425140023AFFC;
			remoteInfo = BasicTunnelExtension;
		};
		0EB6EED21F92D43D005F6221 /* PBXContainerItemProxy */ = {
			isa = PBXContainerItemProxy;
			containerPortal = 0EB39FC51F7424580023AFFC /* Project object */;
			proxyType = 1;
			remoteGlobalIDString = 0EB6EECA1F92D43D005F6221;
			remoteInfo = BasicTunnelExtensionMac;
		};
/* End PBXContainerItemProxy section */

/* Begin PBXCopyFilesBuildPhase section */
		0EB3A0091F7425140023AFFC /* Embed App Extensions */ = {
			isa = PBXCopyFilesBuildPhase;
			buildActionMask = 2147483647;
			dstPath = "";
			dstSubfolderSpec = 13;
			files = (
				0EB3A0051F7425140023AFFC /* BasicTunnelExtension-iOS.appex in Embed App Extensions */,
			);
			name = "Embed App Extensions";
			runOnlyForDeploymentPostprocessing = 0;
		};
		0EB6EED81F92D43D005F6221 /* Embed App Extensions */ = {
			isa = PBXCopyFilesBuildPhase;
			buildActionMask = 2147483647;
			dstPath = "";
			dstSubfolderSpec = 13;
			files = (
				0EB6EED41F92D43D005F6221 /* BasicTunnelExtension-macOS.appex in Embed App Extensions */,
			);
			name = "Embed App Extensions";
			runOnlyForDeploymentPostprocessing = 0;
		};
/* End PBXCopyFilesBuildPhase section */

/* Begin PBXFileReference section */
		0111951EDBD0CD7C46EB0A0F /* Pods-iOS-BasicTunnelExtension-iOS.debug.xcconfig */ = {isa = PBXFileReference; includeInIndex = 1; lastKnownFileType = text.xcconfig; name = "Pods-iOS-BasicTunnelExtension-iOS.debug.xcconfig"; path = "Pods/Target Support Files/Pods-iOS-BasicTunnelExtension-iOS/Pods-iOS-BasicTunnelExtension-iOS.debug.xcconfig"; sourceTree = "<group>"; };
		037BE2A3B938C1D6ECD01E56 /* Pods-macOS-BasicTunnel-macOS.debug.xcconfig */ = {isa = PBXFileReference; includeInIndex = 1; lastKnownFileType = text.xcconfig; name = "Pods-macOS-BasicTunnel-macOS.debug.xcconfig"; path = "Pods/Target Support Files/Pods-macOS-BasicTunnel-macOS/Pods-macOS-BasicTunnel-macOS.debug.xcconfig"; sourceTree = "<group>"; };
		0EB39FE61F7424F80023AFFC /* BasicTunnel-iOS.app */ = {isa = PBXFileReference; explicitFileType = wrapper.application; includeInIndex = 0; path = "BasicTunnel-iOS.app"; sourceTree = BUILT_PRODUCTS_DIR; };
		0EB39FE81F7424F80023AFFC /* AppDelegate.swift */ = {isa = PBXFileReference; lastKnownFileType = sourcecode.swift; path = AppDelegate.swift; sourceTree = "<group>"; };
		0EB39FEA1F7424F80023AFFC /* ViewController.swift */ = {isa = PBXFileReference; lastKnownFileType = sourcecode.swift; path = ViewController.swift; sourceTree = "<group>"; };
		0EB39FED1F7424F80023AFFC /* Base */ = {isa = PBXFileReference; lastKnownFileType = file.storyboard; name = Base; path = Base.lproj/Main.storyboard; sourceTree = "<group>"; };
		0EB39FEF1F7424F80023AFFC /* Assets.xcassets */ = {isa = PBXFileReference; lastKnownFileType = folder.assetcatalog; path = Assets.xcassets; sourceTree = "<group>"; };
		0EB39FF21F7424F80023AFFC /* Base */ = {isa = PBXFileReference; lastKnownFileType = file.storyboard; name = Base; path = Base.lproj/LaunchScreen.storyboard; sourceTree = "<group>"; };
		0EB39FF41F7424F80023AFFC /* Info.plist */ = {isa = PBXFileReference; lastKnownFileType = text.plist.xml; path = Info.plist; sourceTree = "<group>"; };
		0EB39FFC1F7425140023AFFC /* BasicTunnelExtension-iOS.appex */ = {isa = PBXFileReference; explicitFileType = "wrapper.app-extension"; includeInIndex = 0; path = "BasicTunnelExtension-iOS.appex"; sourceTree = BUILT_PRODUCTS_DIR; };
		0EB39FFF1F7425140023AFFC /* BasicTunnelExtension-iOS.entitlements */ = {isa = PBXFileReference; lastKnownFileType = text.plist.entitlements; path = "BasicTunnelExtension-iOS.entitlements"; sourceTree = "<group>"; };
		0EB3A0001F7425140023AFFC /* PacketTunnelProvider.swift */ = {isa = PBXFileReference; lastKnownFileType = sourcecode.swift; path = PacketTunnelProvider.swift; sourceTree = "<group>"; };
		0EB3A0021F7425140023AFFC /* Info.plist */ = {isa = PBXFileReference; lastKnownFileType = text.plist.xml; path = Info.plist; sourceTree = "<group>"; };
		0EB3A00A1F7425C20023AFFC /* BasicTunnel-iOS.entitlements */ = {isa = PBXFileReference; fileEncoding = 4; lastKnownFileType = text.plist.entitlements; path = "BasicTunnel-iOS.entitlements"; sourceTree = "<group>"; };
		0EB6EEB71F92D417005F6221 /* BasicTunnel-macOS.app */ = {isa = PBXFileReference; explicitFileType = wrapper.application; includeInIndex = 0; path = "BasicTunnel-macOS.app"; sourceTree = BUILT_PRODUCTS_DIR; };
		0EB6EEB91F92D417005F6221 /* AppDelegate.swift */ = {isa = PBXFileReference; lastKnownFileType = sourcecode.swift; path = AppDelegate.swift; sourceTree = "<group>"; };
		0EB6EEBB1F92D417005F6221 /* ViewController.swift */ = {isa = PBXFileReference; lastKnownFileType = sourcecode.swift; path = ViewController.swift; sourceTree = "<group>"; };
		0EB6EEBD1F92D417005F6221 /* Assets.xcassets */ = {isa = PBXFileReference; lastKnownFileType = folder.assetcatalog; path = Assets.xcassets; sourceTree = "<group>"; };
		0EB6EEC01F92D417005F6221 /* Base */ = {isa = PBXFileReference; lastKnownFileType = file.storyboard; name = Base; path = Base.lproj/Main.storyboard; sourceTree = "<group>"; };
		0EB6EEC21F92D417005F6221 /* Info.plist */ = {isa = PBXFileReference; lastKnownFileType = text.plist.xml; path = Info.plist; sourceTree = "<group>"; };
		0EB6EEC31F92D417005F6221 /* BasicTunnel-macOS.entitlements */ = {isa = PBXFileReference; lastKnownFileType = text.plist.entitlements; path = "BasicTunnel-macOS.entitlements"; sourceTree = "<group>"; };
		0EB6EECB1F92D43D005F6221 /* BasicTunnelExtension-macOS.appex */ = {isa = PBXFileReference; explicitFileType = "wrapper.app-extension"; includeInIndex = 0; path = "BasicTunnelExtension-macOS.appex"; sourceTree = BUILT_PRODUCTS_DIR; };
		0EB6EECE1F92D43D005F6221 /* BasicTunnelExtension-macOS.entitlements */ = {isa = PBXFileReference; lastKnownFileType = text.plist.entitlements; path = "BasicTunnelExtension-macOS.entitlements"; sourceTree = "<group>"; };
		0EB6EECF1F92D43D005F6221 /* PacketTunnelProvider.swift */ = {isa = PBXFileReference; lastKnownFileType = sourcecode.swift; path = PacketTunnelProvider.swift; sourceTree = "<group>"; };
		0EB6EED11F92D43D005F6221 /* Info.plist */ = {isa = PBXFileReference; lastKnownFileType = text.plist.xml; path = Info.plist; sourceTree = "<group>"; };
		0EB6EED91F92D4BA005F6221 /* NetworkExtension.framework */ = {isa = PBXFileReference; lastKnownFileType = wrapper.framework; name = NetworkExtension.framework; path = Platforms/MacOSX.platform/Developer/SDKs/MacOSX10.13.sdk/System/Library/Frameworks/NetworkExtension.framework; sourceTree = DEVELOPER_DIR; };
		11368BD070A44C21483EE811 /* Pods-macOS-BasicTunnelExtension-macOS.debug.xcconfig */ = {isa = PBXFileReference; includeInIndex = 1; lastKnownFileType = text.xcconfig; name = "Pods-macOS-BasicTunnelExtension-macOS.debug.xcconfig"; path = "Pods/Target Support Files/Pods-macOS-BasicTunnelExtension-macOS/Pods-macOS-BasicTunnelExtension-macOS.debug.xcconfig"; sourceTree = "<group>"; };
		18EF12F5450952BBF9B766B4 /* Pods_iOS_BasicTunnel_iOS.framework */ = {isa = PBXFileReference; explicitFileType = wrapper.framework; includeInIndex = 0; path = Pods_iOS_BasicTunnel_iOS.framework; sourceTree = BUILT_PRODUCTS_DIR; };
		2FDA2D63E8CE62BC35D4EBE4 /* Pods-iOS-BasicTunnel-iOS.debug.xcconfig */ = {isa = PBXFileReference; includeInIndex = 1; lastKnownFileType = text.xcconfig; name = "Pods-iOS-BasicTunnel-iOS.debug.xcconfig"; path = "Pods/Target Support Files/Pods-iOS-BasicTunnel-iOS/Pods-iOS-BasicTunnel-iOS.debug.xcconfig"; sourceTree = "<group>"; };
		31C2CA60047705442A5178F3 /* Pods_iOS_BasicTunnelExtension_iOS.framework */ = {isa = PBXFileReference; explicitFileType = wrapper.framework; includeInIndex = 0; path = Pods_iOS_BasicTunnelExtension_iOS.framework; sourceTree = BUILT_PRODUCTS_DIR; };
		377894DD0C463EFC747F062E /* Pods_macOS_BasicTunnel_macOS.framework */ = {isa = PBXFileReference; explicitFileType = wrapper.framework; includeInIndex = 0; path = Pods_macOS_BasicTunnel_macOS.framework; sourceTree = BUILT_PRODUCTS_DIR; };
		397018A5FA55507F06A97C15 /* Pods-iOS-BasicTunnelExtension-iOS.release.xcconfig */ = {isa = PBXFileReference; includeInIndex = 1; lastKnownFileType = text.xcconfig; name = "Pods-iOS-BasicTunnelExtension-iOS.release.xcconfig"; path = "Pods/Target Support Files/Pods-iOS-BasicTunnelExtension-iOS/Pods-iOS-BasicTunnelExtension-iOS.release.xcconfig"; sourceTree = "<group>"; };
		9D662EE2991D0C2018D11A1E /* Pods_iOS_Welcome_iOS.framework */ = {isa = PBXFileReference; explicitFileType = wrapper.framework; includeInIndex = 0; path = Pods_iOS_Welcome_iOS.framework; sourceTree = BUILT_PRODUCTS_DIR; };
		A65B7568DE6A4F62A8B441C1 /* Pods-iOS-Welcome-iOS.debug.xcconfig */ = {isa = PBXFileReference; includeInIndex = 1; lastKnownFileType = text.xcconfig; name = "Pods-iOS-Welcome-iOS.debug.xcconfig"; path = "Pods/Target Support Files/Pods-iOS-Welcome-iOS/Pods-iOS-Welcome-iOS.debug.xcconfig"; sourceTree = "<group>"; };
		A7E77C1A205C821F3E885830 /* Pods_macOS_BasicTunnelExtension_macOS.framework */ = {isa = PBXFileReference; explicitFileType = wrapper.framework; includeInIndex = 0; path = Pods_macOS_BasicTunnelExtension_macOS.framework; sourceTree = BUILT_PRODUCTS_DIR; };
		B54ADBF805691FC828B3F688 /* Pods-iOS-Welcome-iOS.release.xcconfig */ = {isa = PBXFileReference; includeInIndex = 1; lastKnownFileType = text.xcconfig; name = "Pods-iOS-Welcome-iOS.release.xcconfig"; path = "Pods/Target Support Files/Pods-iOS-Welcome-iOS/Pods-iOS-Welcome-iOS.release.xcconfig"; sourceTree = "<group>"; };
		DC4B22F2CC93714630ABAED2 /* Pods-iOS-BasicTunnel-iOS.release.xcconfig */ = {isa = PBXFileReference; includeInIndex = 1; lastKnownFileType = text.xcconfig; name = "Pods-iOS-BasicTunnel-iOS.release.xcconfig"; path = "Pods/Target Support Files/Pods-iOS-BasicTunnel-iOS/Pods-iOS-BasicTunnel-iOS.release.xcconfig"; sourceTree = "<group>"; };
		DE9F9A95B7C451E5DC4817C1 /* Pods-macOS-BasicTunnelExtension-macOS.release.xcconfig */ = {isa = PBXFileReference; includeInIndex = 1; lastKnownFileType = text.xcconfig; name = "Pods-macOS-BasicTunnelExtension-macOS.release.xcconfig"; path = "Pods/Target Support Files/Pods-macOS-BasicTunnelExtension-macOS/Pods-macOS-BasicTunnelExtension-macOS.release.xcconfig"; sourceTree = "<group>"; };
		FA22AE4979284BE1189857E7 /* Pods-macOS-BasicTunnel-macOS.release.xcconfig */ = {isa = PBXFileReference; includeInIndex = 1; lastKnownFileType = text.xcconfig; name = "Pods-macOS-BasicTunnel-macOS.release.xcconfig"; path = "Pods/Target Support Files/Pods-macOS-BasicTunnel-macOS/Pods-macOS-BasicTunnel-macOS.release.xcconfig"; sourceTree = "<group>"; };
/* End PBXFileReference section */

/* Begin PBXFrameworksBuildPhase section */
		0EB39FE31F7424F80023AFFC /* Frameworks */ = {
			isa = PBXFrameworksBuildPhase;
			buildActionMask = 2147483647;
			files = (
				F9C8C20EF89CAF4EB2A06C40 /* Pods_iOS_BasicTunnel_iOS.framework in Frameworks */,
			);
			runOnlyForDeploymentPostprocessing = 0;
		};
		0EB39FF91F7425140023AFFC /* Frameworks */ = {
			isa = PBXFrameworksBuildPhase;
			buildActionMask = 2147483647;
			files = (
				FE15F313E7915E8D14A07B9E /* Pods_iOS_BasicTunnelExtension_iOS.framework in Frameworks */,
			);
			runOnlyForDeploymentPostprocessing = 0;
		};
		0EB6EEB41F92D417005F6221 /* Frameworks */ = {
			isa = PBXFrameworksBuildPhase;
			buildActionMask = 2147483647;
			files = (
				0EB6EEDA1F92D4BA005F6221 /* NetworkExtension.framework in Frameworks */,
				D93708743059A6E090233113 /* Pods_macOS_BasicTunnel_macOS.framework in Frameworks */,
			);
			runOnlyForDeploymentPostprocessing = 0;
		};
		0EB6EEC81F92D43D005F6221 /* Frameworks */ = {
			isa = PBXFrameworksBuildPhase;
			buildActionMask = 2147483647;
			files = (
				0EE878F81F936469002A0D58 /* NetworkExtension.framework in Frameworks */,
				56B89E080138E98D8A051C71 /* Pods_macOS_BasicTunnelExtension_macOS.framework in Frameworks */,
			);
			runOnlyForDeploymentPostprocessing = 0;
		};
/* End PBXFrameworksBuildPhase section */

/* Begin PBXGroup section */
		0EB39FC41F7424580023AFFC = {
			isa = PBXGroup;
			children = (
				0EB39FE71F7424F80023AFFC /* BasicTunnel-iOS */,
				0EB39FFD1F7425140023AFFC /* BasicTunnelExtension-iOS */,
				0EB6EEB81F92D417005F6221 /* BasicTunnel-macOS */,
				0EB6EECC1F92D43D005F6221 /* BasicTunnelExtension-macOS */,
				0EB39FCE1F7424580023AFFC /* Products */,
				B850E57E641AD1B37E79BAB5 /* Frameworks */,
				4C37B73C76D08B285FE9D744 /* Pods */,
			);
			sourceTree = "<group>";
		};
		0EB39FCE1F7424580023AFFC /* Products */ = {
			isa = PBXGroup;
			children = (
				0EB39FE61F7424F80023AFFC /* BasicTunnel-iOS.app */,
				0EB39FFC1F7425140023AFFC /* BasicTunnelExtension-iOS.appex */,
				0EB6EEB71F92D417005F6221 /* BasicTunnel-macOS.app */,
				0EB6EECB1F92D43D005F6221 /* BasicTunnelExtension-macOS.appex */,
			);
			name = Products;
			sourceTree = "<group>";
		};
		0EB39FE71F7424F80023AFFC /* BasicTunnel-iOS */ = {
			isa = PBXGroup;
			children = (
				0EB39FE81F7424F80023AFFC /* AppDelegate.swift */,
				0EB39FEA1F7424F80023AFFC /* ViewController.swift */,
				0EB39FEC1F7424F80023AFFC /* Main.storyboard */,
				0EB39FEF1F7424F80023AFFC /* Assets.xcassets */,
				0EB39FF11F7424F80023AFFC /* LaunchScreen.storyboard */,
				0EB39FF41F7424F80023AFFC /* Info.plist */,
				0EB3A00B1F7425C60023AFFC /* Supporting files */,
			);
			path = "BasicTunnel-iOS";
			sourceTree = "<group>";
		};
		0EB39FFD1F7425140023AFFC /* BasicTunnelExtension-iOS */ = {
			isa = PBXGroup;
			children = (
				0EB3A0001F7425140023AFFC /* PacketTunnelProvider.swift */,
				0EB3A0021F7425140023AFFC /* Info.plist */,
				0EB39FFE1F7425140023AFFC /* Supporting Files */,
			);
			path = "BasicTunnelExtension-iOS";
			sourceTree = "<group>";
		};
		0EB39FFE1F7425140023AFFC /* Supporting Files */ = {
			isa = PBXGroup;
			children = (
				0EB39FFF1F7425140023AFFC /* BasicTunnelExtension-iOS.entitlements */,
			);
			name = "Supporting Files";
			sourceTree = "<group>";
		};
		0EB3A00B1F7425C60023AFFC /* Supporting files */ = {
			isa = PBXGroup;
			children = (
				0EB3A00A1F7425C20023AFFC /* BasicTunnel-iOS.entitlements */,
			);
			name = "Supporting files";
			sourceTree = "<group>";
		};
		0EB6EEB81F92D417005F6221 /* BasicTunnel-macOS */ = {
			isa = PBXGroup;
			children = (
				0EB6EEB91F92D417005F6221 /* AppDelegate.swift */,
				0EB6EEBB1F92D417005F6221 /* ViewController.swift */,
				0EB6EEBD1F92D417005F6221 /* Assets.xcassets */,
				0EB6EEBF1F92D417005F6221 /* Main.storyboard */,
				0EB6EEC21F92D417005F6221 /* Info.plist */,
				0EB6EEDB1F92D597005F6221 /* Supporting files */,
			);
			path = "BasicTunnel-macOS";
			sourceTree = "<group>";
		};
		0EB6EECC1F92D43D005F6221 /* BasicTunnelExtension-macOS */ = {
			isa = PBXGroup;
			children = (
				0EB6EECF1F92D43D005F6221 /* PacketTunnelProvider.swift */,
				0EB6EED11F92D43D005F6221 /* Info.plist */,
				0EB6EECD1F92D43D005F6221 /* Supporting Files */,
			);
			path = "BasicTunnelExtension-macOS";
			sourceTree = "<group>";
		};
		0EB6EECD1F92D43D005F6221 /* Supporting Files */ = {
			isa = PBXGroup;
			children = (
				0EB6EECE1F92D43D005F6221 /* BasicTunnelExtension-macOS.entitlements */,
			);
			name = "Supporting Files";
			sourceTree = "<group>";
		};
		0EB6EEDB1F92D597005F6221 /* Supporting files */ = {
			isa = PBXGroup;
			children = (
				0EB6EEC31F92D417005F6221 /* BasicTunnel-macOS.entitlements */,
			);
			name = "Supporting files";
			sourceTree = "<group>";
		};
		4C37B73C76D08B285FE9D744 /* Pods */ = {
			isa = PBXGroup;
			children = (
				2FDA2D63E8CE62BC35D4EBE4 /* Pods-iOS-BasicTunnel-iOS.debug.xcconfig */,
				DC4B22F2CC93714630ABAED2 /* Pods-iOS-BasicTunnel-iOS.release.xcconfig */,
				0111951EDBD0CD7C46EB0A0F /* Pods-iOS-BasicTunnelExtension-iOS.debug.xcconfig */,
				397018A5FA55507F06A97C15 /* Pods-iOS-BasicTunnelExtension-iOS.release.xcconfig */,
				A65B7568DE6A4F62A8B441C1 /* Pods-iOS-Welcome-iOS.debug.xcconfig */,
				B54ADBF805691FC828B3F688 /* Pods-iOS-Welcome-iOS.release.xcconfig */,
				037BE2A3B938C1D6ECD01E56 /* Pods-macOS-BasicTunnel-macOS.debug.xcconfig */,
				FA22AE4979284BE1189857E7 /* Pods-macOS-BasicTunnel-macOS.release.xcconfig */,
				11368BD070A44C21483EE811 /* Pods-macOS-BasicTunnelExtension-macOS.debug.xcconfig */,
				DE9F9A95B7C451E5DC4817C1 /* Pods-macOS-BasicTunnelExtension-macOS.release.xcconfig */,
			);
			name = Pods;
			sourceTree = "<group>";
		};
		B850E57E641AD1B37E79BAB5 /* Frameworks */ = {
			isa = PBXGroup;
			children = (
				0EB6EED91F92D4BA005F6221 /* NetworkExtension.framework */,
				18EF12F5450952BBF9B766B4 /* Pods_iOS_BasicTunnel_iOS.framework */,
				31C2CA60047705442A5178F3 /* Pods_iOS_BasicTunnelExtension_iOS.framework */,
				9D662EE2991D0C2018D11A1E /* Pods_iOS_Welcome_iOS.framework */,
				377894DD0C463EFC747F062E /* Pods_macOS_BasicTunnel_macOS.framework */,
				A7E77C1A205C821F3E885830 /* Pods_macOS_BasicTunnelExtension_macOS.framework */,
			);
			name = Frameworks;
			sourceTree = "<group>";
		};
/* End PBXGroup section */

/* Begin PBXNativeTarget section */
		0EB39FE51F7424F80023AFFC /* BasicTunnel-iOS */ = {
			isa = PBXNativeTarget;
			buildConfigurationList = 0EB39FF51F7424F80023AFFC /* Build configuration list for PBXNativeTarget "BasicTunnel-iOS" */;
			buildPhases = (
				1CC2A33419D63F8F2EE3D4B3 /* [CP] Check Pods Manifest.lock */,
				0EB39FE21F7424F80023AFFC /* Sources */,
				0EB39FE31F7424F80023AFFC /* Frameworks */,
				0EB39FE41F7424F80023AFFC /* Resources */,
				0EB3A0091F7425140023AFFC /* Embed App Extensions */,
				5EA77968407E2BB9E7F9D2A1 /* [CP] Embed Pods Frameworks */,
			);
			buildRules = (
			);
			dependencies = (
				0EB3A0041F7425140023AFFC /* PBXTargetDependency */,
			);
			name = "BasicTunnel-iOS";
			productName = BasicTunnel;
			productReference = 0EB39FE61F7424F80023AFFC /* BasicTunnel-iOS.app */;
			productType = "com.apple.product-type.application";
		};
		0EB39FFB1F7425140023AFFC /* BasicTunnelExtension-iOS */ = {
			isa = PBXNativeTarget;
			buildConfigurationList = 0EB3A0061F7425140023AFFC /* Build configuration list for PBXNativeTarget "BasicTunnelExtension-iOS" */;
			buildPhases = (
				8D09111F41BBC69096EDBCEB /* [CP] Check Pods Manifest.lock */,
				0EB39FF81F7425140023AFFC /* Sources */,
				0EB39FF91F7425140023AFFC /* Frameworks */,
				0EB39FFA1F7425140023AFFC /* Resources */,
			);
			buildRules = (
			);
			dependencies = (
			);
			name = "BasicTunnelExtension-iOS";
			productName = BasicTunnelExtension;
			productReference = 0EB39FFC1F7425140023AFFC /* BasicTunnelExtension-iOS.appex */;
			productType = "com.apple.product-type.app-extension";
		};
		0EB6EEB61F92D417005F6221 /* BasicTunnel-macOS */ = {
			isa = PBXNativeTarget;
			buildConfigurationList = 0EB6EEC61F92D417005F6221 /* Build configuration list for PBXNativeTarget "BasicTunnel-macOS" */;
			buildPhases = (
				536DCA316B3C557C24BB6116 /* [CP] Check Pods Manifest.lock */,
				0EB6EEB31F92D417005F6221 /* Sources */,
				0EB6EEB41F92D417005F6221 /* Frameworks */,
				0EB6EEB51F92D417005F6221 /* Resources */,
				0EB6EED81F92D43D005F6221 /* Embed App Extensions */,
				D085357F7FBD8DE21E96F005 /* [CP] Embed Pods Frameworks */,
			);
			buildRules = (
			);
			dependencies = (
				0EB6EED31F92D43D005F6221 /* PBXTargetDependency */,
			);
			name = "BasicTunnel-macOS";
			productName = BasicTunnelMac;
			productReference = 0EB6EEB71F92D417005F6221 /* BasicTunnel-macOS.app */;
			productType = "com.apple.product-type.application";
		};
		0EB6EECA1F92D43D005F6221 /* BasicTunnelExtension-macOS */ = {
			isa = PBXNativeTarget;
			buildConfigurationList = 0EB6EED51F92D43D005F6221 /* Build configuration list for PBXNativeTarget "BasicTunnelExtension-macOS" */;
			buildPhases = (
				6A6EB4699E0FBF48DF1C3512 /* [CP] Check Pods Manifest.lock */,
				0EB6EEC71F92D43D005F6221 /* Sources */,
				0EB6EEC81F92D43D005F6221 /* Frameworks */,
				0EB6EEC91F92D43D005F6221 /* Resources */,
			);
			buildRules = (
			);
			dependencies = (
			);
			name = "BasicTunnelExtension-macOS";
			productName = BasicTunnelExtensionMac;
			productReference = 0EB6EECB1F92D43D005F6221 /* BasicTunnelExtension-macOS.appex */;
			productType = "com.apple.product-type.app-extension";
		};
/* End PBXNativeTarget section */

/* Begin PBXProject section */
		0EB39FC51F7424580023AFFC /* Project object */ = {
			isa = PBXProject;
			attributes = {
				LastSwiftUpdateCheck = 0900;
				LastUpgradeCheck = 0900;
				ORGANIZATIONNAME = "London Trust Media";
				TargetAttributes = {
					0EB39FE51F7424F80023AFFC = {
						CreatedOnToolsVersion = 9.0;
						ProvisioningStyle = Automatic;
						SystemCapabilities = {
							com.apple.ApplicationGroups.iOS = {
								enabled = 1;
							};
							com.apple.Keychain = {
								enabled = 1;
							};
						};
					};
					0EB39FFB1F7425140023AFFC = {
						CreatedOnToolsVersion = 9.0;
						ProvisioningStyle = Automatic;
						SystemCapabilities = {
							com.apple.ApplicationGroups.iOS = {
								enabled = 1;
							};
							com.apple.Keychain = {
								enabled = 1;
							};
						};
					};
					0EB6EEB61F92D417005F6221 = {
						CreatedOnToolsVersion = 9.0;
						ProvisioningStyle = Automatic;
						SystemCapabilities = {
							com.apple.ApplicationGroups.Mac = {
								enabled = 0;
							};
							com.apple.Keychain = {
								enabled = 0;
							};
							com.apple.NetworkExtensions = {
								enabled = 1;
							};
							com.apple.Sandbox = {
								enabled = 1;
							};
						};
					};
					0EB6EECA1F92D43D005F6221 = {
						CreatedOnToolsVersion = 9.0;
						ProvisioningStyle = Automatic;
						SystemCapabilities = {
							com.apple.ApplicationGroups.Mac = {
								enabled = 0;
							};
							com.apple.Keychain = {
								enabled = 0;
							};
							com.apple.NetworkExtensions = {
								enabled = 1;
							};
							com.apple.Sandbox = {
								enabled = 1;
							};
						};
					};
				};
			};
			buildConfigurationList = 0EB39FC81F7424580023AFFC /* Build configuration list for PBXProject "Demo" */;
			compatibilityVersion = "Xcode 8.0";
			developmentRegion = en;
			hasScannedForEncodings = 0;
			knownRegions = (
				en,
				Base,
			);
			mainGroup = 0EB39FC41F7424580023AFFC;
			productRefGroup = 0EB39FCE1F7424580023AFFC /* Products */;
			projectDirPath = "";
			projectRoot = "";
			targets = (
				0EB39FE51F7424F80023AFFC /* BasicTunnel-iOS */,
				0EB39FFB1F7425140023AFFC /* BasicTunnelExtension-iOS */,
				0EB6EEB61F92D417005F6221 /* BasicTunnel-macOS */,
				0EB6EECA1F92D43D005F6221 /* BasicTunnelExtension-macOS */,
			);
		};
/* End PBXProject section */

/* Begin PBXResourcesBuildPhase section */
		0EB39FE41F7424F80023AFFC /* Resources */ = {
			isa = PBXResourcesBuildPhase;
			buildActionMask = 2147483647;
			files = (
				0EB39FF31F7424F80023AFFC /* LaunchScreen.storyboard in Resources */,
				0EB39FF01F7424F80023AFFC /* Assets.xcassets in Resources */,
				0EB39FEE1F7424F80023AFFC /* Main.storyboard in Resources */,
			);
			runOnlyForDeploymentPostprocessing = 0;
		};
		0EB39FFA1F7425140023AFFC /* Resources */ = {
			isa = PBXResourcesBuildPhase;
			buildActionMask = 2147483647;
			files = (
			);
			runOnlyForDeploymentPostprocessing = 0;
		};
		0EB6EEB51F92D417005F6221 /* Resources */ = {
			isa = PBXResourcesBuildPhase;
			buildActionMask = 2147483647;
			files = (
				0EB6EEBE1F92D417005F6221 /* Assets.xcassets in Resources */,
				0EB6EEC11F92D417005F6221 /* Main.storyboard in Resources */,
			);
			runOnlyForDeploymentPostprocessing = 0;
		};
		0EB6EEC91F92D43D005F6221 /* Resources */ = {
			isa = PBXResourcesBuildPhase;
			buildActionMask = 2147483647;
			files = (
			);
			runOnlyForDeploymentPostprocessing = 0;
		};
/* End PBXResourcesBuildPhase section */

/* Begin PBXShellScriptBuildPhase section */
		1CC2A33419D63F8F2EE3D4B3 /* [CP] Check Pods Manifest.lock */ = {
			isa = PBXShellScriptBuildPhase;
			buildActionMask = 2147483647;
			files = (
			);
			inputPaths = (
				"${PODS_PODFILE_DIR_PATH}/Podfile.lock",
				"${PODS_ROOT}/Manifest.lock",
			);
			name = "[CP] Check Pods Manifest.lock";
			outputPaths = (
				"$(DERIVED_FILE_DIR)/Pods-iOS-BasicTunnel-iOS-checkManifestLockResult.txt",
			);
			runOnlyForDeploymentPostprocessing = 0;
			shellPath = /bin/sh;
			shellScript = "diff \"${PODS_PODFILE_DIR_PATH}/Podfile.lock\" \"${PODS_ROOT}/Manifest.lock\" > /dev/null\nif [ $? != 0 ] ; then\n    # print error to STDERR\n    echo \"error: The sandbox is not in sync with the Podfile.lock. Run 'pod install' or update your CocoaPods installation.\" >&2\n    exit 1\nfi\n# This output is used by Xcode 'outputs' to avoid re-running this script phase.\necho \"SUCCESS\" > \"${SCRIPT_OUTPUT_FILE_0}\"\n";
			showEnvVarsInLog = 0;
		};
		536DCA316B3C557C24BB6116 /* [CP] Check Pods Manifest.lock */ = {
			isa = PBXShellScriptBuildPhase;
			buildActionMask = 2147483647;
			files = (
			);
			inputPaths = (
				"${PODS_PODFILE_DIR_PATH}/Podfile.lock",
				"${PODS_ROOT}/Manifest.lock",
			);
			name = "[CP] Check Pods Manifest.lock";
			outputPaths = (
				"$(DERIVED_FILE_DIR)/Pods-macOS-BasicTunnel-macOS-checkManifestLockResult.txt",
			);
			runOnlyForDeploymentPostprocessing = 0;
			shellPath = /bin/sh;
			shellScript = "diff \"${PODS_PODFILE_DIR_PATH}/Podfile.lock\" \"${PODS_ROOT}/Manifest.lock\" > /dev/null\nif [ $? != 0 ] ; then\n    # print error to STDERR\n    echo \"error: The sandbox is not in sync with the Podfile.lock. Run 'pod install' or update your CocoaPods installation.\" >&2\n    exit 1\nfi\n# This output is used by Xcode 'outputs' to avoid re-running this script phase.\necho \"SUCCESS\" > \"${SCRIPT_OUTPUT_FILE_0}\"\n";
			showEnvVarsInLog = 0;
		};
		5EA77968407E2BB9E7F9D2A1 /* [CP] Embed Pods Frameworks */ = {
			isa = PBXShellScriptBuildPhase;
			buildActionMask = 2147483647;
			files = (
			);
			inputPaths = (
				"${SRCROOT}/Pods/Target Support Files/Pods-iOS-BasicTunnel-iOS/Pods-iOS-BasicTunnel-iOS-frameworks.sh",
				"${PODS_ROOT}/OpenSSL-Apple/frameworks/iPhone/openssl.framework",
				"${BUILT_PRODUCTS_DIR}/PIATunnel-iOS/PIATunnel.framework",
				"${BUILT_PRODUCTS_DIR}/SwiftyBeaver-iOS/SwiftyBeaver.framework",
			);
			name = "[CP] Embed Pods Frameworks";
			outputPaths = (
				"${TARGET_BUILD_DIR}/${FRAMEWORKS_FOLDER_PATH}/openssl.framework",
				"${TARGET_BUILD_DIR}/${FRAMEWORKS_FOLDER_PATH}/PIATunnel.framework",
				"${TARGET_BUILD_DIR}/${FRAMEWORKS_FOLDER_PATH}/SwiftyBeaver.framework",
			);
			runOnlyForDeploymentPostprocessing = 0;
			shellPath = /bin/sh;
			shellScript = "\"${SRCROOT}/Pods/Target Support Files/Pods-iOS-BasicTunnel-iOS/Pods-iOS-BasicTunnel-iOS-frameworks.sh\"\n";
			showEnvVarsInLog = 0;
		};
		6A6EB4699E0FBF48DF1C3512 /* [CP] Check Pods Manifest.lock */ = {
			isa = PBXShellScriptBuildPhase;
			buildActionMask = 2147483647;
			files = (
			);
			inputPaths = (
				"${PODS_PODFILE_DIR_PATH}/Podfile.lock",
				"${PODS_ROOT}/Manifest.lock",
			);
			name = "[CP] Check Pods Manifest.lock";
			outputPaths = (
				"$(DERIVED_FILE_DIR)/Pods-macOS-BasicTunnelExtension-macOS-checkManifestLockResult.txt",
			);
			runOnlyForDeploymentPostprocessing = 0;
			shellPath = /bin/sh;
			shellScript = "diff \"${PODS_PODFILE_DIR_PATH}/Podfile.lock\" \"${PODS_ROOT}/Manifest.lock\" > /dev/null\nif [ $? != 0 ] ; then\n    # print error to STDERR\n    echo \"error: The sandbox is not in sync with the Podfile.lock. Run 'pod install' or update your CocoaPods installation.\" >&2\n    exit 1\nfi\n# This output is used by Xcode 'outputs' to avoid re-running this script phase.\necho \"SUCCESS\" > \"${SCRIPT_OUTPUT_FILE_0}\"\n";
			showEnvVarsInLog = 0;
		};
		8D09111F41BBC69096EDBCEB /* [CP] Check Pods Manifest.lock */ = {
			isa = PBXShellScriptBuildPhase;
			buildActionMask = 2147483647;
			files = (
			);
			inputPaths = (
				"${PODS_PODFILE_DIR_PATH}/Podfile.lock",
				"${PODS_ROOT}/Manifest.lock",
			);
			name = "[CP] Check Pods Manifest.lock";
			outputPaths = (
				"$(DERIVED_FILE_DIR)/Pods-iOS-BasicTunnelExtension-iOS-checkManifestLockResult.txt",
			);
			runOnlyForDeploymentPostprocessing = 0;
			shellPath = /bin/sh;
			shellScript = "diff \"${PODS_PODFILE_DIR_PATH}/Podfile.lock\" \"${PODS_ROOT}/Manifest.lock\" > /dev/null\nif [ $? != 0 ] ; then\n    # print error to STDERR\n    echo \"error: The sandbox is not in sync with the Podfile.lock. Run 'pod install' or update your CocoaPods installation.\" >&2\n    exit 1\nfi\n# This output is used by Xcode 'outputs' to avoid re-running this script phase.\necho \"SUCCESS\" > \"${SCRIPT_OUTPUT_FILE_0}\"\n";
			showEnvVarsInLog = 0;
		};
		D085357F7FBD8DE21E96F005 /* [CP] Embed Pods Frameworks */ = {
			isa = PBXShellScriptBuildPhase;
			buildActionMask = 2147483647;
			files = (
			);
			inputPaths = (
				"${SRCROOT}/Pods/Target Support Files/Pods-macOS-BasicTunnel-macOS/Pods-macOS-BasicTunnel-macOS-frameworks.sh",
				"${PODS_ROOT}/OpenSSL-Apple/frameworks/MacOSX/openssl.framework",
				"${BUILT_PRODUCTS_DIR}/PIATunnel-macOS/PIATunnel.framework",
				"${BUILT_PRODUCTS_DIR}/SwiftyBeaver-macOS/SwiftyBeaver.framework",
			);
			name = "[CP] Embed Pods Frameworks";
			outputPaths = (
				"${TARGET_BUILD_DIR}/${FRAMEWORKS_FOLDER_PATH}/openssl.framework",
				"${TARGET_BUILD_DIR}/${FRAMEWORKS_FOLDER_PATH}/PIATunnel.framework",
				"${TARGET_BUILD_DIR}/${FRAMEWORKS_FOLDER_PATH}/SwiftyBeaver.framework",
			);
			runOnlyForDeploymentPostprocessing = 0;
			shellPath = /bin/sh;
			shellScript = "\"${SRCROOT}/Pods/Target Support Files/Pods-macOS-BasicTunnel-macOS/Pods-macOS-BasicTunnel-macOS-frameworks.sh\"\n";
			showEnvVarsInLog = 0;
		};
/* End PBXShellScriptBuildPhase section */

/* Begin PBXSourcesBuildPhase section */
		0EB39FE21F7424F80023AFFC /* Sources */ = {
			isa = PBXSourcesBuildPhase;
			buildActionMask = 2147483647;
			files = (
				0EB39FEB1F7424F80023AFFC /* ViewController.swift in Sources */,
				0EB39FE91F7424F80023AFFC /* AppDelegate.swift in Sources */,
			);
			runOnlyForDeploymentPostprocessing = 0;
		};
		0EB39FF81F7425140023AFFC /* Sources */ = {
			isa = PBXSourcesBuildPhase;
			buildActionMask = 2147483647;
			files = (
				0EB3A0011F7425140023AFFC /* PacketTunnelProvider.swift in Sources */,
			);
			runOnlyForDeploymentPostprocessing = 0;
		};
		0EB6EEB31F92D417005F6221 /* Sources */ = {
			isa = PBXSourcesBuildPhase;
			buildActionMask = 2147483647;
			files = (
				0EB6EEBC1F92D417005F6221 /* ViewController.swift in Sources */,
				0EB6EEBA1F92D417005F6221 /* AppDelegate.swift in Sources */,
			);
			runOnlyForDeploymentPostprocessing = 0;
		};
		0EB6EEC71F92D43D005F6221 /* Sources */ = {
			isa = PBXSourcesBuildPhase;
			buildActionMask = 2147483647;
			files = (
				0EB6EED01F92D43D005F6221 /* PacketTunnelProvider.swift in Sources */,
			);
			runOnlyForDeploymentPostprocessing = 0;
		};
/* End PBXSourcesBuildPhase section */

/* Begin PBXTargetDependency section */
		0EB3A0041F7425140023AFFC /* PBXTargetDependency */ = {
			isa = PBXTargetDependency;
			target = 0EB39FFB1F7425140023AFFC /* BasicTunnelExtension-iOS */;
			targetProxy = 0EB3A0031F7425140023AFFC /* PBXContainerItemProxy */;
		};
		0EB6EED31F92D43D005F6221 /* PBXTargetDependency */ = {
			isa = PBXTargetDependency;
			target = 0EB6EECA1F92D43D005F6221 /* BasicTunnelExtension-macOS */;
			targetProxy = 0EB6EED21F92D43D005F6221 /* PBXContainerItemProxy */;
		};
/* End PBXTargetDependency section */

/* Begin PBXVariantGroup section */
		0EB39FEC1F7424F80023AFFC /* Main.storyboard */ = {
			isa = PBXVariantGroup;
			children = (
				0EB39FED1F7424F80023AFFC /* Base */,
			);
			name = Main.storyboard;
			sourceTree = "<group>";
		};
		0EB39FF11F7424F80023AFFC /* LaunchScreen.storyboard */ = {
			isa = PBXVariantGroup;
			children = (
				0EB39FF21F7424F80023AFFC /* Base */,
			);
			name = LaunchScreen.storyboard;
			sourceTree = "<group>";
		};
		0EB6EEBF1F92D417005F6221 /* Main.storyboard */ = {
			isa = PBXVariantGroup;
			children = (
				0EB6EEC01F92D417005F6221 /* Base */,
			);
			name = Main.storyboard;
			sourceTree = "<group>";
		};
/* End PBXVariantGroup section */

/* Begin XCBuildConfiguration section */
		0EB39FDD1F7424580023AFFC /* Debug */ = {
			isa = XCBuildConfiguration;
			buildSettings = {
				ALWAYS_SEARCH_USER_PATHS = NO;
				CLANG_ANALYZER_NONNULL = YES;
				CLANG_ANALYZER_NUMBER_OBJECT_CONVERSION = YES_AGGRESSIVE;
				CLANG_CXX_LANGUAGE_STANDARD = "gnu++14";
				CLANG_CXX_LIBRARY = "libc++";
				CLANG_ENABLE_MODULES = YES;
				CLANG_ENABLE_OBJC_ARC = YES;
				CLANG_WARN_BLOCK_CAPTURE_AUTORELEASING = YES;
				CLANG_WARN_BOOL_CONVERSION = YES;
				CLANG_WARN_COMMA = YES;
				CLANG_WARN_CONSTANT_CONVERSION = YES;
				CLANG_WARN_DIRECT_OBJC_ISA_USAGE = YES_ERROR;
				CLANG_WARN_DOCUMENTATION_COMMENTS = YES;
				CLANG_WARN_EMPTY_BODY = YES;
				CLANG_WARN_ENUM_CONVERSION = YES;
				CLANG_WARN_INFINITE_RECURSION = YES;
				CLANG_WARN_INT_CONVERSION = YES;
				CLANG_WARN_NON_LITERAL_NULL_CONVERSION = YES;
				CLANG_WARN_OBJC_LITERAL_CONVERSION = YES;
				CLANG_WARN_OBJC_ROOT_CLASS = YES_ERROR;
				CLANG_WARN_RANGE_LOOP_ANALYSIS = YES;
				CLANG_WARN_STRICT_PROTOTYPES = YES;
				CLANG_WARN_SUSPICIOUS_MOVE = YES;
				CLANG_WARN_UNGUARDED_AVAILABILITY = YES_AGGRESSIVE;
				CLANG_WARN_UNREACHABLE_CODE = YES;
				CLANG_WARN__DUPLICATE_METHOD_MATCH = YES;
				CODE_SIGN_IDENTITY = "iPhone Developer";
				COPY_PHASE_STRIP = NO;
				DEBUG_INFORMATION_FORMAT = dwarf;
				ENABLE_STRICT_OBJC_MSGSEND = YES;
				ENABLE_TESTABILITY = YES;
				GCC_C_LANGUAGE_STANDARD = gnu11;
				GCC_DYNAMIC_NO_PIC = NO;
				GCC_NO_COMMON_BLOCKS = YES;
				GCC_OPTIMIZATION_LEVEL = 0;
				GCC_PREPROCESSOR_DEFINITIONS = (
					"DEBUG=1",
					"$(inherited)",
				);
				GCC_WARN_64_TO_32_BIT_CONVERSION = YES;
				GCC_WARN_ABOUT_RETURN_TYPE = YES_ERROR;
				GCC_WARN_UNDECLARED_SELECTOR = YES;
				GCC_WARN_UNINITIALIZED_AUTOS = YES_AGGRESSIVE;
				GCC_WARN_UNUSED_FUNCTION = YES;
				GCC_WARN_UNUSED_VARIABLE = YES;
				IPHONEOS_DEPLOYMENT_TARGET = 9.0;
				MACOSX_DEPLOYMENT_TARGET = 10.11;
				MTL_ENABLE_DEBUG_INFO = YES;
				ONLY_ACTIVE_ARCH = YES;
				SDKROOT = iphoneos;
				SWIFT_ACTIVE_COMPILATION_CONDITIONS = DEBUG;
				SWIFT_OPTIMIZATION_LEVEL = "-Onone";
				SWIFT_VERSION = 4.0;
			};
			name = Debug;
		};
		0EB39FDE1F7424580023AFFC /* Release */ = {
			isa = XCBuildConfiguration;
			buildSettings = {
				ALWAYS_SEARCH_USER_PATHS = NO;
				CLANG_ANALYZER_NONNULL = YES;
				CLANG_ANALYZER_NUMBER_OBJECT_CONVERSION = YES_AGGRESSIVE;
				CLANG_CXX_LANGUAGE_STANDARD = "gnu++14";
				CLANG_CXX_LIBRARY = "libc++";
				CLANG_ENABLE_MODULES = YES;
				CLANG_ENABLE_OBJC_ARC = YES;
				CLANG_WARN_BLOCK_CAPTURE_AUTORELEASING = YES;
				CLANG_WARN_BOOL_CONVERSION = YES;
				CLANG_WARN_COMMA = YES;
				CLANG_WARN_CONSTANT_CONVERSION = YES;
				CLANG_WARN_DIRECT_OBJC_ISA_USAGE = YES_ERROR;
				CLANG_WARN_DOCUMENTATION_COMMENTS = YES;
				CLANG_WARN_EMPTY_BODY = YES;
				CLANG_WARN_ENUM_CONVERSION = YES;
				CLANG_WARN_INFINITE_RECURSION = YES;
				CLANG_WARN_INT_CONVERSION = YES;
				CLANG_WARN_NON_LITERAL_NULL_CONVERSION = YES;
				CLANG_WARN_OBJC_LITERAL_CONVERSION = YES;
				CLANG_WARN_OBJC_ROOT_CLASS = YES_ERROR;
				CLANG_WARN_RANGE_LOOP_ANALYSIS = YES;
				CLANG_WARN_STRICT_PROTOTYPES = YES;
				CLANG_WARN_SUSPICIOUS_MOVE = YES;
				CLANG_WARN_UNGUARDED_AVAILABILITY = YES_AGGRESSIVE;
				CLANG_WARN_UNREACHABLE_CODE = YES;
				CLANG_WARN__DUPLICATE_METHOD_MATCH = YES;
				CODE_SIGN_IDENTITY = "iPhone Developer";
				COPY_PHASE_STRIP = NO;
				DEBUG_INFORMATION_FORMAT = "dwarf-with-dsym";
				ENABLE_NS_ASSERTIONS = NO;
				ENABLE_STRICT_OBJC_MSGSEND = YES;
				GCC_C_LANGUAGE_STANDARD = gnu11;
				GCC_NO_COMMON_BLOCKS = YES;
				GCC_WARN_64_TO_32_BIT_CONVERSION = YES;
				GCC_WARN_ABOUT_RETURN_TYPE = YES_ERROR;
				GCC_WARN_UNDECLARED_SELECTOR = YES;
				GCC_WARN_UNINITIALIZED_AUTOS = YES_AGGRESSIVE;
				GCC_WARN_UNUSED_FUNCTION = YES;
				GCC_WARN_UNUSED_VARIABLE = YES;
				IPHONEOS_DEPLOYMENT_TARGET = 9.0;
				MACOSX_DEPLOYMENT_TARGET = 10.11;
				MTL_ENABLE_DEBUG_INFO = NO;
				SDKROOT = iphoneos;
				SWIFT_OPTIMIZATION_LEVEL = "-Owholemodule";
				SWIFT_VERSION = 4.0;
				VALIDATE_PRODUCT = YES;
			};
			name = Release;
		};
		0EB39FF61F7424F80023AFFC /* Debug */ = {
			isa = XCBuildConfiguration;
			baseConfigurationReference = 2FDA2D63E8CE62BC35D4EBE4 /* Pods-iOS-BasicTunnel-iOS.debug.xcconfig */;
			buildSettings = {
				ASSETCATALOG_COMPILER_APPICON_NAME = AppIcon;
				CODE_SIGN_ENTITLEMENTS = "BasicTunnel-iOS/BasicTunnel-iOS.entitlements";
				CODE_SIGN_STYLE = Automatic;
				DEVELOPMENT_TEAM = 5357M5NW9W;
				INFOPLIST_FILE = "BasicTunnel-iOS/Info.plist";
				LD_RUNPATH_SEARCH_PATHS = "$(inherited) @executable_path/Frameworks";
				PRODUCT_BUNDLE_IDENTIFIER = com.privateinternetaccess.ios.demo.BasicTunnel;
				PRODUCT_NAME = "$(TARGET_NAME)";
				TARGETED_DEVICE_FAMILY = "1,2";
			};
			name = Debug;
		};
		0EB39FF71F7424F80023AFFC /* Release */ = {
			isa = XCBuildConfiguration;
			baseConfigurationReference = DC4B22F2CC93714630ABAED2 /* Pods-iOS-BasicTunnel-iOS.release.xcconfig */;
			buildSettings = {
				ASSETCATALOG_COMPILER_APPICON_NAME = AppIcon;
				CODE_SIGN_ENTITLEMENTS = "BasicTunnel-iOS/BasicTunnel-iOS.entitlements";
				CODE_SIGN_STYLE = Automatic;
				DEVELOPMENT_TEAM = 5357M5NW9W;
				INFOPLIST_FILE = "BasicTunnel-iOS/Info.plist";
				LD_RUNPATH_SEARCH_PATHS = "$(inherited) @executable_path/Frameworks";
				PRODUCT_BUNDLE_IDENTIFIER = com.privateinternetaccess.ios.demo.BasicTunnel;
				PRODUCT_NAME = "$(TARGET_NAME)";
				TARGETED_DEVICE_FAMILY = "1,2";
			};
			name = Release;
		};
		0EB3A0071F7425140023AFFC /* Debug */ = {
			isa = XCBuildConfiguration;
			baseConfigurationReference = 0111951EDBD0CD7C46EB0A0F /* Pods-iOS-BasicTunnelExtension-iOS.debug.xcconfig */;
			buildSettings = {
				CODE_SIGN_ENTITLEMENTS = "BasicTunnelExtension-iOS/BasicTunnelExtension-iOS.entitlements";
				CODE_SIGN_STYLE = Automatic;
				DEVELOPMENT_TEAM = 5357M5NW9W;
				INFOPLIST_FILE = "BasicTunnelExtension-iOS/Info.plist";
				LD_RUNPATH_SEARCH_PATHS = "$(inherited) @executable_path/Frameworks @executable_path/../../Frameworks";
				PRODUCT_BUNDLE_IDENTIFIER = com.privateinternetaccess.ios.demo.BasicTunnel.BasicTunnelExtension;
				PRODUCT_NAME = "$(TARGET_NAME)";
				SKIP_INSTALL = YES;
				TARGETED_DEVICE_FAMILY = "1,2";
			};
			name = Debug;
		};
		0EB3A0081F7425140023AFFC /* Release */ = {
			isa = XCBuildConfiguration;
			baseConfigurationReference = 397018A5FA55507F06A97C15 /* Pods-iOS-BasicTunnelExtension-iOS.release.xcconfig */;
			buildSettings = {
				CODE_SIGN_ENTITLEMENTS = "BasicTunnelExtension-iOS/BasicTunnelExtension-iOS.entitlements";
				CODE_SIGN_STYLE = Automatic;
				DEVELOPMENT_TEAM = 5357M5NW9W;
				INFOPLIST_FILE = "BasicTunnelExtension-iOS/Info.plist";
				LD_RUNPATH_SEARCH_PATHS = "$(inherited) @executable_path/Frameworks @executable_path/../../Frameworks";
				PRODUCT_BUNDLE_IDENTIFIER = com.privateinternetaccess.ios.demo.BasicTunnel.BasicTunnelExtension;
				PRODUCT_NAME = "$(TARGET_NAME)";
				SKIP_INSTALL = YES;
				TARGETED_DEVICE_FAMILY = "1,2";
			};
			name = Release;
		};
		0EB6EEC41F92D417005F6221 /* Debug */ = {
			isa = XCBuildConfiguration;
			baseConfigurationReference = 037BE2A3B938C1D6ECD01E56 /* Pods-macOS-BasicTunnel-macOS.debug.xcconfig */;
			buildSettings = {
				ASSETCATALOG_COMPILER_APPICON_NAME = AppIcon;
				CODE_SIGN_ENTITLEMENTS = "BasicTunnel-macOS/BasicTunnel-macOS.entitlements";
				CODE_SIGN_IDENTITY = "Mac Developer";
				CODE_SIGN_STYLE = Automatic;
				COMBINE_HIDPI_IMAGES = YES;
				DEVELOPMENT_TEAM = 5357M5NW9W;
				INFOPLIST_FILE = "BasicTunnel-macOS/Info.plist";
				LD_RUNPATH_SEARCH_PATHS = "$(inherited) @executable_path/../Frameworks";
				PRODUCT_BUNDLE_IDENTIFIER = com.privateinternetaccess.macos.demo.BasicTunnel;
				PRODUCT_NAME = "$(TARGET_NAME)";
				PROVISIONING_PROFILE_SPECIFIER = "";
				SDKROOT = macosx;
			};
			name = Debug;
		};
		0EB6EEC51F92D417005F6221 /* Release */ = {
			isa = XCBuildConfiguration;
			baseConfigurationReference = FA22AE4979284BE1189857E7 /* Pods-macOS-BasicTunnel-macOS.release.xcconfig */;
			buildSettings = {
				ASSETCATALOG_COMPILER_APPICON_NAME = AppIcon;
				CODE_SIGN_ENTITLEMENTS = "BasicTunnel-macOS/BasicTunnel-macOS.entitlements";
				CODE_SIGN_IDENTITY = "Mac Developer";
				CODE_SIGN_STYLE = Automatic;
				COMBINE_HIDPI_IMAGES = YES;
				DEVELOPMENT_TEAM = 5357M5NW9W;
				INFOPLIST_FILE = "BasicTunnel-macOS/Info.plist";
				LD_RUNPATH_SEARCH_PATHS = "$(inherited) @executable_path/../Frameworks";
				PRODUCT_BUNDLE_IDENTIFIER = com.privateinternetaccess.macos.demo.BasicTunnel;
				PRODUCT_NAME = "$(TARGET_NAME)";
				PROVISIONING_PROFILE_SPECIFIER = "";
				SDKROOT = macosx;
			};
			name = Release;
		};
		0EB6EED61F92D43D005F6221 /* Debug */ = {
			isa = XCBuildConfiguration;
			baseConfigurationReference = 11368BD070A44C21483EE811 /* Pods-macOS-BasicTunnelExtension-macOS.debug.xcconfig */;
			buildSettings = {
				CODE_SIGN_ENTITLEMENTS = "BasicTunnelExtension-macOS/BasicTunnelExtension-macOS.entitlements";
				CODE_SIGN_IDENTITY = "Mac Developer";
				CODE_SIGN_STYLE = Automatic;
				DEVELOPMENT_TEAM = 5357M5NW9W;
				INFOPLIST_FILE = "BasicTunnelExtension-macOS/Info.plist";
				LD_RUNPATH_SEARCH_PATHS = "$(inherited) @executable_path/../Frameworks @executable_path/../../../../Frameworks";
				PRODUCT_BUNDLE_IDENTIFIER = com.privateinternetaccess.macos.demo.BasicTunnel.BasicTunnelExtension;
				PRODUCT_NAME = "$(TARGET_NAME)";
				PROVISIONING_PROFILE_SPECIFIER = "";
				SDKROOT = macosx;
				SKIP_INSTALL = YES;
			};
			name = Debug;
		};
		0EB6EED71F92D43D005F6221 /* Release */ = {
			isa = XCBuildConfiguration;
			baseConfigurationReference = DE9F9A95B7C451E5DC4817C1 /* Pods-macOS-BasicTunnelExtension-macOS.release.xcconfig */;
			buildSettings = {
				CODE_SIGN_ENTITLEMENTS = "BasicTunnelExtension-macOS/BasicTunnelExtension-macOS.entitlements";
				CODE_SIGN_IDENTITY = "Mac Developer";
				CODE_SIGN_STYLE = Automatic;
				DEVELOPMENT_TEAM = 5357M5NW9W;
				INFOPLIST_FILE = "BasicTunnelExtension-macOS/Info.plist";
				LD_RUNPATH_SEARCH_PATHS = "$(inherited) @executable_path/../Frameworks @executable_path/../../../../Frameworks";
				PRODUCT_BUNDLE_IDENTIFIER = com.privateinternetaccess.macos.demo.BasicTunnel.BasicTunnelExtension;
				PRODUCT_NAME = "$(TARGET_NAME)";
				PROVISIONING_PROFILE_SPECIFIER = "";
				SDKROOT = macosx;
				SKIP_INSTALL = YES;
			};
			name = Release;
		};
/* End XCBuildConfiguration section */

/* Begin XCConfigurationList section */
		0EB39FC81F7424580023AFFC /* Build configuration list for PBXProject "Demo" */ = {
			isa = XCConfigurationList;
			buildConfigurations = (
				0EB39FDD1F7424580023AFFC /* Debug */,
				0EB39FDE1F7424580023AFFC /* Release */,
			);
			defaultConfigurationIsVisible = 0;
			defaultConfigurationName = Release;
		};
		0EB39FF51F7424F80023AFFC /* Build configuration list for PBXNativeTarget "BasicTunnel-iOS" */ = {
			isa = XCConfigurationList;
			buildConfigurations = (
				0EB39FF61F7424F80023AFFC /* Debug */,
				0EB39FF71F7424F80023AFFC /* Release */,
			);
			defaultConfigurationIsVisible = 0;
			defaultConfigurationName = Release;
		};
		0EB3A0061F7425140023AFFC /* Build configuration list for PBXNativeTarget "BasicTunnelExtension-iOS" */ = {
			isa = XCConfigurationList;
			buildConfigurations = (
				0EB3A0071F7425140023AFFC /* Debug */,
				0EB3A0081F7425140023AFFC /* Release */,
			);
			defaultConfigurationIsVisible = 0;
			defaultConfigurationName = Release;
		};
		0EB6EEC61F92D417005F6221 /* Build configuration list for PBXNativeTarget "BasicTunnel-macOS" */ = {
			isa = XCConfigurationList;
			buildConfigurations = (
				0EB6EEC41F92D417005F6221 /* Debug */,
				0EB6EEC51F92D417005F6221 /* Release */,
			);
			defaultConfigurationIsVisible = 0;
			defaultConfigurationName = Release;
		};
		0EB6EED51F92D43D005F6221 /* Build configuration list for PBXNativeTarget "BasicTunnelExtension-macOS" */ = {
			isa = XCConfigurationList;
			buildConfigurations = (
				0EB6EED61F92D43D005F6221 /* Debug */,
				0EB6EED71F92D43D005F6221 /* Release */,
			);
			defaultConfigurationIsVisible = 0;
			defaultConfigurationName = Release;
		};
/* End XCConfigurationList section */
	};
	rootObject = 0EB39FC51F7424580023AFFC /* Project object */;
}
