PODS:
  - OpenSSL-Apple (1.1.0h)
  - PIATunnel (1.1.3):
    - PIATunnel/AppExtension (= 1.1.3)
    - PIATunnel/Core (= 1.1.3)
  - PIATunnel/AppExtension (1.1.3):
    - PIATunnel/Core
    - SwiftyBeaver
  - PIATunnel/Core (1.1.3):
    - OpenSSL-Apple (~> 1.1.0h)
    - SwiftyBeaver
  - SwiftyBeaver (1.4.4)

DEPENDENCIES:
  - PIATunnel (from `..`)

SPEC REPOS:
  https://github.com/cocoapods/specs.git:
    - OpenSSL-Apple
    - SwiftyBeaver

EXTERNAL SOURCES:
  PIATunnel:
    :path: ".."

SPEC CHECKSUMS:
  OpenSSL-Apple: cd153d705ef350eb834ae7ff5f21f792b51ed208
  PIATunnel: 01023f3fa44cd852bc38b3cb3a41377e1bd40228
  SwiftyBeaver: 25bd76281f49ca989ec2e3cbde9af89c15bc1432

PODFILE CHECKSUM: 371da118c4fd5937763c16ea185815a848d982b6

COCOAPODS: 1.5.3
