PODS:
  - OpenSSL-Apple (1.1.0h)
  - PIATunnel (1.1):
    - PIATunnel/AppExtension (= 1.1)
    - PIATunnel/Core (= 1.1)
  - PIATunnel/AppExtension (1.1):
    - PIATunnel/Core
    - SwiftyBeaver
  - PIATunnel/Core (1.1):
    - OpenSSL-Apple (~> 1.1.0h)
    - SwiftyBeaver
  - SwiftyBeaver (1.5.2)

DEPENDENCIES:
  - PIATunnel (from `..`)

SPEC REPOS:
  https://github.com/cocoapods/specs.git:
    - OpenSSL-Apple
    - SwiftyBeaver

EXTERNAL SOURCES:
  PIATunnel:
    :path: ".."

SPEC CHECKSUMS:
  OpenSSL-Apple: cd153d705ef350eb834ae7ff5f21f792b51ed208
  PIATunnel: d083f9c6e8c1114996b518e0a7f030f348dc3221
  SwiftyBeaver: 85daaaa2b3ae6e31b7b55c99430e8b91dac088af

PODFILE CHECKSUM: 1199e89f72f37e986463243abe5442ffdc81274c

COCOAPODS: 1.5.2
